// !$*UTF8*$!
{
	archiveVersion = 1;
	classes = {
	};
	objectVersion = 50;
	objects = {

/* Begin PBXBuildFile section */
		524F8AF526A9B70B006EB315 /* AppDelegate.swift in Sources */ = {isa = PBXBuildFile; fileRef = 524F8AF426A9B70B006EB315 /* AppDelegate.swift */; };
		524F8AF726A9B70B006EB315 /* SceneDelegate.swift in Sources */ = {isa = PBXBuildFile; fileRef = 524F8AF626A9B70B006EB315 /* SceneDelegate.swift */; };
		524F8AFC26A9B70B006EB315 /* Main.storyboard in Resources */ = {isa = PBXBuildFile; fileRef = 524F8AFA26A9B70B006EB315 /* Main.storyboard */; };
		524F8AFE26A9B70E006EB315 /* Assets.xcassets in Resources */ = {isa = PBXBuildFile; fileRef = 524F8AFD26A9B70E006EB315 /* Assets.xcassets */; };
		524F8B0126A9B70E006EB315 /* LaunchScreen.storyboard in Resources */ = {isa = PBXBuildFile; fileRef = 524F8AFF26A9B70E006EB315 /* LaunchScreen.storyboard */; };
		524F8B0C26A9BABE006EB315 /* LoginViewController.swift in Sources */ = {isa = PBXBuildFile; fileRef = 524F8B0A26A9BABE006EB315 /* LoginViewController.swift */; };
		524F8B1626A9EB67006EB315 /* UIFont+Ext.swift in Sources */ = {isa = PBXBuildFile; fileRef = 524F8B1526A9EB67006EB315 /* UIFont+Ext.swift */; };
		524F8B1A26A9EBA3006EB315 /* UIDevice+Ext.swift in Sources */ = {isa = PBXBuildFile; fileRef = 524F8B1926A9EBA3006EB315 /* UIDevice+Ext.swift */; };
		524F8B1F26A9EEEE006EB315 /* VKManager.swift in Sources */ = {isa = PBXBuildFile; fileRef = 524F8B1E26A9EEEE006EB315 /* VKManager.swift */; };
		524F8B2626A9FB62006EB315 /* LoginViewModel.swift in Sources */ = {isa = PBXBuildFile; fileRef = 524F8B2526A9FB62006EB315 /* LoginViewModel.swift */; };
		524F8B2926A9FEC2006EB315 /* VKAuthResponse.swift in Sources */ = {isa = PBXBuildFile; fileRef = 524F8B2826A9FEC2006EB315 /* VKAuthResponse.swift */; };
		524F8B2F26AAE59A006EB315 /* UIViewController+Ext.swift in Sources */ = {isa = PBXBuildFile; fileRef = 524F8B2E26AAE59A006EB315 /* UIViewController+Ext.swift */; };
		524F8B3226AAE7AC006EB315 /* GalleryViewController.swift in Sources */ = {isa = PBXBuildFile; fileRef = 524F8B3126AAE7AC006EB315 /* GalleryViewController.swift */; };
		524F8B3626AAECB8006EB315 /* GalleryViewModel.swift in Sources */ = {isa = PBXBuildFile; fileRef = 524F8B3526AAECB8006EB315 /* GalleryViewModel.swift */; };
		524F8B4126AAFCBE006EB315 /* GalleryCell.swift in Sources */ = {isa = PBXBuildFile; fileRef = 524F8B4026AAFCBE006EB315 /* GalleryCell.swift */; };
		524F8B4626AAFDCD006EB315 /* UIView+Ext.swift in Sources */ = {isa = PBXBuildFile; fileRef = 524F8B4526AAFDCD006EB315 /* UIView+Ext.swift */; };
		524F8B4C26AB0675006EB315 /* GalleryPhotoResponse.swift in Sources */ = {isa = PBXBuildFile; fileRef = 524F8B4B26AB0675006EB315 /* GalleryPhotoResponse.swift */; };
		524F8B5026AB2979006EB315 /* UIImageView+Ext.swift in Sources */ = {isa = PBXBuildFile; fileRef = 524F8B4F26AB2979006EB315 /* UIImageView+Ext.swift */; };
		524F8B5426AB2C91006EB315 /* PhotoViewController.swift in Sources */ = {isa = PBXBuildFile; fileRef = 524F8B5326AB2C91006EB315 /* PhotoViewController.swift */; };
		524F8B5826AB305A006EB315 /* Photos.xcdatamodeld in Sources */ = {isa = PBXBuildFile; fileRef = 524F8B5626AB305A006EB315 /* Photos.xcdatamodeld */; };
		524F8B5C26AB31A0006EB315 /* PhotoCoreDataManager.swift in Sources */ = {isa = PBXBuildFile; fileRef = 524F8B5B26AB31A0006EB315 /* PhotoCoreDataManager.swift */; };
		524F8B5F26AB3F20006EB315 /* PhotoViewModel.swift in Sources */ = {isa = PBXBuildFile; fileRef = 524F8B5E26AB3F20006EB315 /* PhotoViewModel.swift */; };
		524F8B6326AB40A5006EB315 /* Int+Ext.swift in Sources */ = {isa = PBXBuildFile; fileRef = 524F8B6226AB40A5006EB315 /* Int+Ext.swift */; };
/* End PBXBuildFile section */

/* Begin PBXFileReference section */
		524F8AF126A9B70A006EB315 /* MobileUpTest.app */ = {isa = PBXFileReference; explicitFileType = wrapper.application; includeInIndex = 0; path = MobileUpTest.app; sourceTree = BUILT_PRODUCTS_DIR; };
		524F8AF426A9B70B006EB315 /* AppDelegate.swift */ = {isa = PBXFileReference; lastKnownFileType = sourcecode.swift; path = AppDelegate.swift; sourceTree = "<group>"; };
		524F8AF626A9B70B006EB315 /* SceneDelegate.swift */ = {isa = PBXFileReference; lastKnownFileType = sourcecode.swift; path = SceneDelegate.swift; sourceTree = "<group>"; };
		524F8AFB26A9B70B006EB315 /* Base */ = {isa = PBXFileReference; lastKnownFileType = file.storyboard; name = Base; path = Base.lproj/Main.storyboard; sourceTree = "<group>"; };
		524F8AFD26A9B70E006EB315 /* Assets.xcassets */ = {isa = PBXFileReference; lastKnownFileType = folder.assetcatalog; path = Assets.xcassets; sourceTree = "<group>"; };
		524F8B0026A9B70E006EB315 /* Base */ = {isa = PBXFileReference; lastKnownFileType = file.storyboard; name = Base; path = Base.lproj/LaunchScreen.storyboard; sourceTree = "<group>"; };
		524F8B0226A9B70E006EB315 /* Info.plist */ = {isa = PBXFileReference; lastKnownFileType = text.plist.xml; path = Info.plist; sourceTree = "<group>"; };
		524F8B0A26A9BABE006EB315 /* LoginViewController.swift */ = {isa = PBXFileReference; lastKnownFileType = sourcecode.swift; path = LoginViewController.swift; sourceTree = "<group>"; };
		524F8B1526A9EB67006EB315 /* UIFont+Ext.swift */ = {isa = PBXFileReference; lastKnownFileType = sourcecode.swift; path = "UIFont+Ext.swift"; sourceTree = "<group>"; };
		524F8B1926A9EBA3006EB315 /* UIDevice+Ext.swift */ = {isa = PBXFileReference; lastKnownFileType = sourcecode.swift; path = "UIDevice+Ext.swift"; sourceTree = "<group>"; };
		524F8B1E26A9EEEE006EB315 /* VKManager.swift */ = {isa = PBXFileReference; lastKnownFileType = sourcecode.swift; path = VKManager.swift; sourceTree = "<group>"; };
		524F8B2526A9FB62006EB315 /* LoginViewModel.swift */ = {isa = PBXFileReference; lastKnownFileType = sourcecode.swift; path = LoginViewModel.swift; sourceTree = "<group>"; };
		524F8B2826A9FEC2006EB315 /* VKAuthResponse.swift */ = {isa = PBXFileReference; lastKnownFileType = sourcecode.swift; path = VKAuthResponse.swift; sourceTree = "<group>"; };
		524F8B2E26AAE59A006EB315 /* UIViewController+Ext.swift */ = {isa = PBXFileReference; lastKnownFileType = sourcecode.swift; path = "UIViewController+Ext.swift"; sourceTree = "<group>"; };
		524F8B3126AAE7AC006EB315 /* GalleryViewController.swift */ = {isa = PBXFileReference; lastKnownFileType = sourcecode.swift; path = GalleryViewController.swift; sourceTree = "<group>"; };
		524F8B3526AAECB8006EB315 /* GalleryViewModel.swift */ = {isa = PBXFileReference; lastKnownFileType = sourcecode.swift; path = GalleryViewModel.swift; sourceTree = "<group>"; };
		524F8B4026AAFCBE006EB315 /* GalleryCell.swift */ = {isa = PBXFileReference; lastKnownFileType = sourcecode.swift; path = GalleryCell.swift; sourceTree = "<group>"; };
		524F8B4526AAFDCD006EB315 /* UIView+Ext.swift */ = {isa = PBXFileReference; lastKnownFileType = sourcecode.swift; path = "UIView+Ext.swift"; sourceTree = "<group>"; };
		524F8B4B26AB0675006EB315 /* GalleryPhotoResponse.swift */ = {isa = PBXFileReference; lastKnownFileType = sourcecode.swift; path = GalleryPhotoResponse.swift; sourceTree = "<group>"; };
		524F8B4F26AB2979006EB315 /* UIImageView+Ext.swift */ = {isa = PBXFileReference; lastKnownFileType = sourcecode.swift; path = "UIImageView+Ext.swift"; sourceTree = "<group>"; };
		524F8B5326AB2C91006EB315 /* PhotoViewController.swift */ = {isa = PBXFileReference; lastKnownFileType = sourcecode.swift; path = PhotoViewController.swift; sourceTree = "<group>"; };
		524F8B5726AB305A006EB315 /* Photos.xcdatamodel */ = {isa = PBXFileReference; lastKnownFileType = wrapper.xcdatamodel; path = Photos.xcdatamodel; sourceTree = "<group>"; };
		524F8B5B26AB31A0006EB315 /* PhotoCoreDataManager.swift */ = {isa = PBXFileReference; lastKnownFileType = sourcecode.swift; path = PhotoCoreDataManager.swift; sourceTree = "<group>"; };
		524F8B5E26AB3F20006EB315 /* PhotoViewModel.swift */ = {isa = PBXFileReference; lastKnownFileType = sourcecode.swift; path = PhotoViewModel.swift; sourceTree = "<group>"; };
		524F8B6226AB40A5006EB315 /* Int+Ext.swift */ = {isa = PBXFileReference; lastKnownFileType = sourcecode.swift; path = "Int+Ext.swift"; sourceTree = "<group>"; };
/* End PBXFileReference section */

/* Begin PBXFrameworksBuildPhase section */
		524F8AEE26A9B70A006EB315 /* Frameworks */ = {
			isa = PBXFrameworksBuildPhase;
			buildActionMask = 2147483647;
			files = (
			);
			runOnlyForDeploymentPostprocessing = 0;
		};
/* End PBXFrameworksBuildPhase section */

/* Begin PBXGroup section */
		524F8AE826A9B70A006EB315 = {
			isa = PBXGroup;
			children = (
				524F8AF326A9B70B006EB315 /* MobileUpTest */,
				524F8AF226A9B70A006EB315 /* Products */,
			);
			sourceTree = "<group>";
		};
		524F8AF226A9B70A006EB315 /* Products */ = {
			isa = PBXGroup;
			children = (
				524F8AF126A9B70A006EB315 /* MobileUpTest.app */,
			);
			name = Products;
			sourceTree = "<group>";
		};
		524F8AF326A9B70B006EB315 /* MobileUpTest */ = {
			isa = PBXGroup;
			children = (
				524F8AF426A9B70B006EB315 /* AppDelegate.swift */,
				524F8AF626A9B70B006EB315 /* SceneDelegate.swift */,
				524F8B1426A9EB3C006EB315 /* Extensions */,
				524F8B2B26A9FEED006EB315 /* Models */,
				524F8B3F26AAFCB5006EB315 /* Views */,
				524F8B1D26A9EEE7006EB315 /* Services */,
				524F8B2426A9FB56006EB315 /* ViewModels */,
				524F8B0F26A9BAC4006EB315 /* Controllers */,
				524F8AFD26A9B70E006EB315 /* Assets.xcassets */,
				524F8AFA26A9B70B006EB315 /* Main.storyboard */,
				524F8AFF26A9B70E006EB315 /* LaunchScreen.storyboard */,
				524F8B0226A9B70E006EB315 /* Info.plist */,
				524F8B5626AB305A006EB315 /* Photos.xcdatamodeld */,
			);
			path = MobileUpTest;
			sourceTree = "<group>";
		};
		524F8B0F26A9BAC4006EB315 /* Controllers */ = {
			isa = PBXGroup;
			children = (
				524F8B0A26A9BABE006EB315 /* LoginViewController.swift */,
				524F8B3126AAE7AC006EB315 /* GalleryViewController.swift */,
				524F8B5326AB2C91006EB315 /* PhotoViewController.swift */,
			);
			path = Controllers;
			sourceTree = "<group>";
		};
		524F8B1426A9EB3C006EB315 /* Extensions */ = {
			isa = PBXGroup;
			children = (
				524F8B2E26AAE59A006EB315 /* UIViewController+Ext.swift */,
				524F8B4F26AB2979006EB315 /* UIImageView+Ext.swift */,
				524F8B4526AAFDCD006EB315 /* UIView+Ext.swift */,
				524F8B1926A9EBA3006EB315 /* UIDevice+Ext.swift */,
				524F8B1526A9EB67006EB315 /* UIFont+Ext.swift */,
				524F8B6226AB40A5006EB315 /* Int+Ext.swift */,
			);
			path = Extensions;
			sourceTree = "<group>";
		};
		524F8B1D26A9EEE7006EB315 /* Services */ = {
			isa = PBXGroup;
			children = (
				524F8B1E26A9EEEE006EB315 /* VKManager.swift */,
				524F8B5B26AB31A0006EB315 /* PhotoCoreDataManager.swift */,
			);
			path = Services;
			sourceTree = "<group>";
		};
		524F8B2426A9FB56006EB315 /* ViewModels */ = {
			isa = PBXGroup;
			children = (
				524F8B2526A9FB62006EB315 /* LoginViewModel.swift */,
				524F8B3526AAECB8006EB315 /* GalleryViewModel.swift */,
				524F8B5E26AB3F20006EB315 /* PhotoViewModel.swift */,
			);
			path = ViewModels;
			sourceTree = "<group>";
		};
		524F8B2B26A9FEED006EB315 /* Models */ = {
			isa = PBXGroup;
			children = (
				524F8B2826A9FEC2006EB315 /* VKAuthResponse.swift */,
				524F8B4B26AB0675006EB315 /* GalleryPhotoResponse.swift */,
			);
			path = Models;
			sourceTree = "<group>";
		};
		524F8B3F26AAFCB5006EB315 /* Views */ = {
			isa = PBXGroup;
			children = (
				524F8B4026AAFCBE006EB315 /* GalleryCell.swift */,
			);
			path = Views;
			sourceTree = "<group>";
		};
/* End PBXGroup section */

/* Begin PBXNativeTarget section */
		524F8AF026A9B70A006EB315 /* MobileUpTest */ = {
			isa = PBXNativeTarget;
			buildConfigurationList = 524F8B0526A9B70E006EB315 /* Build configuration list for PBXNativeTarget "MobileUpTest" */;
			buildPhases = (
				524F8AED26A9B70A006EB315 /* Sources */,
				524F8AEE26A9B70A006EB315 /* Frameworks */,
				524F8AEF26A9B70A006EB315 /* Resources */,
			);
			buildRules = (
			);
			dependencies = (
			);
			name = MobileUpTest;
			productName = MobileUpTest;
			productReference = 524F8AF126A9B70A006EB315 /* MobileUpTest.app */;
			productType = "com.apple.product-type.application";
		};
/* End PBXNativeTarget section */

/* Begin PBXProject section */
		524F8AE926A9B70A006EB315 /* Project object */ = {
			isa = PBXProject;
			attributes = {
				LastSwiftUpdateCheck = 1240;
				LastUpgradeCheck = 1240;
				TargetAttributes = {
					524F8AF026A9B70A006EB315 = {
						CreatedOnToolsVersion = 12.4;
					};
				};
			};
			buildConfigurationList = 524F8AEC26A9B70A006EB315 /* Build configuration list for PBXProject "MobileUpTest" */;
			compatibilityVersion = "Xcode 9.3";
			developmentRegion = en;
			hasScannedForEncodings = 0;
			knownRegions = (
				en,
				Base,
			);
			mainGroup = 524F8AE826A9B70A006EB315;
			productRefGroup = 524F8AF226A9B70A006EB315 /* Products */;
			projectDirPath = "";
			projectRoot = "";
			targets = (
				524F8AF026A9B70A006EB315 /* MobileUpTest */,
			);
		};
/* End PBXProject section */

/* Begin PBXResourcesBuildPhase section */
		524F8AEF26A9B70A006EB315 /* Resources */ = {
			isa = PBXResourcesBuildPhase;
			buildActionMask = 2147483647;
			files = (
				524F8B0126A9B70E006EB315 /* LaunchScreen.storyboard in Resources */,
				524F8AFE26A9B70E006EB315 /* Assets.xcassets in Resources */,
				524F8AFC26A9B70B006EB315 /* Main.storyboard in Resources */,
			);
			runOnlyForDeploymentPostprocessing = 0;
		};
/* End PBXResourcesBuildPhase section */

/* Begin PBXSourcesBuildPhase section */
		524F8AED26A9B70A006EB315 /* Sources */ = {
			isa = PBXSourcesBuildPhase;
			buildActionMask = 2147483647;
			files = (
				524F8B4126AAFCBE006EB315 /* GalleryCell.swift in Sources */,
				524F8B3626AAECB8006EB315 /* GalleryViewModel.swift in Sources */,
				524F8B1F26A9EEEE006EB315 /* VKManager.swift in Sources */,
				524F8B4C26AB0675006EB315 /* GalleryPhotoResponse.swift in Sources */,
				524F8B2926A9FEC2006EB315 /* VKAuthResponse.swift in Sources */,
				524F8B1626A9EB67006EB315 /* UIFont+Ext.swift in Sources */,
				524F8B0C26A9BABE006EB315 /* LoginViewController.swift in Sources */,
				524F8B5026AB2979006EB315 /* UIImageView+Ext.swift in Sources */,
				524F8B5826AB305A006EB315 /* Photos.xcdatamodeld in Sources */,
				524F8B5C26AB31A0006EB315 /* PhotoCoreDataManager.swift in Sources */,
				524F8B1A26A9EBA3006EB315 /* UIDevice+Ext.swift in Sources */,
				524F8AF526A9B70B006EB315 /* AppDelegate.swift in Sources */,
				524F8AF726A9B70B006EB315 /* SceneDelegate.swift in Sources */,
				524F8B4626AAFDCD006EB315 /* UIView+Ext.swift in Sources */,
				524F8B3226AAE7AC006EB315 /* GalleryViewController.swift in Sources */,
				524F8B6326AB40A5006EB315 /* Int+Ext.swift in Sources */,
				524F8B5426AB2C91006EB315 /* PhotoViewController.swift in Sources */,
				524F8B2626A9FB62006EB315 /* LoginViewModel.swift in Sources */,
				524F8B5F26AB3F20006EB315 /* PhotoViewModel.swift in Sources */,
				524F8B2F26AAE59A006EB315 /* UIViewController+Ext.swift in Sources */,
			);
			runOnlyForDeploymentPostprocessing = 0;
		};
/* End PBXSourcesBuildPhase section */

/* Begin PBXVariantGroup section */
		524F8AFA26A9B70B006EB315 /* Main.storyboard */ = {
			isa = PBXVariantGroup;
			children = (
				524F8AFB26A9B70B006EB315 /* Base */,
			);
			name = Main.storyboard;
			sourceTree = "<group>";
		};
		524F8AFF26A9B70E006EB315 /* LaunchScreen.storyboard */ = {
			isa = PBXVariantGroup;
			children = (
				524F8B0026A9B70E006EB315 /* Base */,
			);
			name = LaunchScreen.storyboard;
			sourceTree = "<group>";
		};
/* End PBXVariantGroup section */

/* Begin XCBuildConfiguration section */
		524F8B0326A9B70E006EB315 /* Debug */ = {
			isa = XCBuildConfiguration;
			buildSettings = {
				ALWAYS_SEARCH_USER_PATHS = NO;
				CLANG_ANALYZER_NONNULL = YES;
				CLANG_ANALYZER_NUMBER_OBJECT_CONVERSION = YES_AGGRESSIVE;
				CLANG_CXX_LANGUAGE_STANDARD = "gnu++14";
				CLANG_CXX_LIBRARY = "libc++";
				CLANG_ENABLE_MODULES = YES;
				CLANG_ENABLE_OBJC_ARC = YES;
				CLANG_ENABLE_OBJC_WEAK = YES;
				CLANG_WARN_BLOCK_CAPTURE_AUTORELEASING = YES;
				CLANG_WARN_BOOL_CONVERSION = YES;
				CLANG_WARN_COMMA = YES;
				CLANG_WARN_CONSTANT_CONVERSION = YES;
				CLANG_WARN_DEPRECATED_OBJC_IMPLEMENTATIONS = YES;
				CLANG_WARN_DIRECT_OBJC_ISA_USAGE = YES_ERROR;
				CLANG_WARN_DOCUMENTATION_COMMENTS = YES;
				CLANG_WARN_EMPTY_BODY = YES;
				CLANG_WARN_ENUM_CONVERSION = YES;
				CLANG_WARN_INFINITE_RECURSION = YES;
				CLANG_WARN_INT_CONVERSION = YES;
				CLANG_WARN_NON_LITERAL_NULL_CONVERSION = YES;
				CLANG_WARN_OBJC_IMPLICIT_RETAIN_SELF = YES;
				CLANG_WARN_OBJC_LITERAL_CONVERSION = YES;
				CLANG_WARN_OBJC_ROOT_CLASS = YES_ERROR;
				CLANG_WARN_QUOTED_INCLUDE_IN_FRAMEWORK_HEADER = YES;
				CLANG_WARN_RANGE_LOOP_ANALYSIS = YES;
				CLANG_WARN_STRICT_PROTOTYPES = YES;
				CLANG_WARN_SUSPICIOUS_MOVE = YES;
				CLANG_WARN_UNGUARDED_AVAILABILITY = YES_AGGRESSIVE;
				CLANG_WARN_UNREACHABLE_CODE = YES;
				CLANG_WARN__DUPLICATE_METHOD_MATCH = YES;
				COPY_PHASE_STRIP = NO;
				DEBUG_INFORMATION_FORMAT = dwarf;
				ENABLE_STRICT_OBJC_MSGSEND = YES;
				ENABLE_TESTABILITY = YES;
				GCC_C_LANGUAGE_STANDARD = gnu11;
				GCC_DYNAMIC_NO_PIC = NO;
				GCC_NO_COMMON_BLOCKS = YES;
				GCC_OPTIMIZATION_LEVEL = 0;
				GCC_PREPROCESSOR_DEFINITIONS = (
					"DEBUG=1",
					"$(inherited)",
				);
				GCC_WARN_64_TO_32_BIT_CONVERSION = YES;
				GCC_WARN_ABOUT_RETURN_TYPE = YES_ERROR;
				GCC_WARN_UNDECLARED_SELECTOR = YES;
				GCC_WARN_UNINITIALIZED_AUTOS = YES_AGGRESSIVE;
				GCC_WARN_UNUSED_FUNCTION = YES;
				GCC_WARN_UNUSED_VARIABLE = YES;
				IPHONEOS_DEPLOYMENT_TARGET = 14.4;
				MTL_ENABLE_DEBUG_INFO = INCLUDE_SOURCE;
				MTL_FAST_MATH = YES;
				ONLY_ACTIVE_ARCH = YES;
				SDKROOT = iphoneos;
				SWIFT_ACTIVE_COMPILATION_CONDITIONS = DEBUG;
				SWIFT_OPTIMIZATION_LEVEL = "-Onone";
			};
			name = Debug;
		};
		524F8B0426A9B70E006EB315 /* Release */ = {
			isa = XCBuildConfiguration;
			buildSettings = {
				ALWAYS_SEARCH_USER_PATHS = NO;
				CLANG_ANALYZER_NONNULL = YES;
				CLANG_ANALYZER_NUMBER_OBJECT_CONVERSION = YES_AGGRESSIVE;
				CLANG_CXX_LANGUAGE_STANDARD = "gnu++14";
				CLANG_CXX_LIBRARY = "libc++";
				CLANG_ENABLE_MODULES = YES;
				CLANG_ENABLE_OBJC_ARC = YES;
				CLANG_ENABLE_OBJC_WEAK = YES;
				CLANG_WARN_BLOCK_CAPTURE_AUTORELEASING = YES;
				CLANG_WARN_BOOL_CONVERSION = YES;
				CLANG_WARN_COMMA = YES;
				CLANG_WARN_CONSTANT_CONVERSION = YES;
				CLANG_WARN_DEPRECATED_OBJC_IMPLEMENTATIONS = YES;
				CLANG_WARN_DIRECT_OBJC_ISA_USAGE = YES_ERROR;
				CLANG_WARN_DOCUMENTATION_COMMENTS = YES;
				CLANG_WARN_EMPTY_BODY = YES;
				CLANG_WARN_ENUM_CONVERSION = YES;
				CLANG_WARN_INFINITE_RECURSION = YES;
				CLANG_WARN_INT_CONVERSION = YES;
				CLANG_WARN_NON_LITERAL_NULL_CONVERSION = YES;
				CLANG_WARN_OBJC_IMPLICIT_RETAIN_SELF = YES;
				CLANG_WARN_OBJC_LITERAL_CONVERSION = YES;
				CLANG_WARN_OBJC_ROOT_CLASS = YES_ERROR;
				CLANG_WARN_QUOTED_INCLUDE_IN_FRAMEWORK_HEADER = YES;
				CLANG_WARN_RANGE_LOOP_ANALYSIS = YES;
				CLANG_WARN_STRICT_PROTOTYPES = YES;
				CLANG_WARN_SUSPICIOUS_MOVE = YES;
				CLANG_WARN_UNGUARDED_AVAILABILITY = YES_AGGRESSIVE;
				CLANG_WARN_UNREACHABLE_CODE = YES;
				CLANG_WARN__DUPLICATE_METHOD_MATCH = YES;
				COPY_PHASE_STRIP = NO;
				DEBUG_INFORMATION_FORMAT = "dwarf-with-dsym";
				ENABLE_NS_ASSERTIONS = NO;
				ENABLE_STRICT_OBJC_MSGSEND = YES;
				GCC_C_LANGUAGE_STANDARD = gnu11;
				GCC_NO_COMMON_BLOCKS = YES;
				GCC_WARN_64_TO_32_BIT_CONVERSION = YES;
				GCC_WARN_ABOUT_RETURN_TYPE = YES_ERROR;
				GCC_WARN_UNDECLARED_SELECTOR = YES;
				GCC_WARN_UNINITIALIZED_AUTOS = YES_AGGRESSIVE;
				GCC_WARN_UNUSED_FUNCTION = YES;
				GCC_WARN_UNUSED_VARIABLE = YES;
				IPHONEOS_DEPLOYMENT_TARGET = 14.4;
				MTL_ENABLE_DEBUG_INFO = NO;
				MTL_FAST_MATH = YES;
				SDKROOT = iphoneos;
				SWIFT_COMPILATION_MODE = wholemodule;
				SWIFT_OPTIMIZATION_LEVEL = "-O";
				VALIDATE_PRODUCT = YES;
			};
			name = Release;
		};
		524F8B0626A9B70E006EB315 /* Debug */ = {
			isa = XCBuildConfiguration;
			buildSettings = {
				ASSETCATALOG_COMPILER_APPICON_NAME = AppIcon;
				ASSETCATALOG_COMPILER_GLOBAL_ACCENT_COLOR_NAME = AccentColor;
				CODE_SIGN_STYLE = Automatic;
				DEVELOPMENT_TEAM = RWU4M8Y9HU;
				INFOPLIST_FILE = MobileUpTest/Info.plist;
				LD_RUNPATH_SEARCH_PATHS = (
					"$(inherited)",
					"@executable_path/Frameworks",
				);
				PRODUCT_BUNDLE_IDENTIFIER = Kostatyyy.MobileUpTest;
				PRODUCT_NAME = "$(TARGET_NAME)";
				SWIFT_VERSION = 5.0;
				TARGETED_DEVICE_FAMILY = 1;
			};
			name = Debug;
		};
		524F8B0726A9B70E006EB315 /* Release */ = {
			isa = XCBuildConfiguration;
			buildSettings = {
				ASSETCATALOG_COMPILER_APPICON_NAME = AppIcon;
				ASSETCATALOG_COMPILER_GLOBAL_ACCENT_COLOR_NAME = AccentColor;
				CODE_SIGN_STYLE = Automatic;
				DEVELOPMENT_TEAM = RWU4M8Y9HU;
				INFOPLIST_FILE = MobileUpTest/Info.plist;
				LD_RUNPATH_SEARCH_PATHS = (
					"$(inherited)",
					"@executable_path/Frameworks",
				);
				PRODUCT_BUNDLE_IDENTIFIER = Kostatyyy.MobileUpTest;
				PRODUCT_NAME = "$(TARGET_NAME)";
				SWIFT_VERSION = 5.0;
				TARGETED_DEVICE_FAMILY = 1;
			};
			name = Release;
		};
/* End XCBuildConfiguration section */

/* Begin XCConfigurationList section */
		524F8AEC26A9B70A006EB315 /* Build configuration list for PBXProject "MobileUpTest" */ = {
			isa = XCConfigurationList;
			buildConfigurations = (
				524F8B0326A9B70E006EB315 /* Debug */,
				524F8B0426A9B70E006EB315 /* Release */,
			);
			defaultConfigurationIsVisible = 0;
			defaultConfigurationName = Release;
		};
		524F8B0526A9B70E006EB315 /* Build configuration list for PBXNativeTarget "MobileUpTest" */ = {
			isa = XCConfigurationList;
			buildConfigurations = (
				524F8B0626A9B70E006EB315 /* Debug */,
				524F8B0726A9B70E006EB315 /* Release */,
			);
			defaultConfigurationIsVisible = 0;
			defaultConfigurationName = Release;
		};
/* End XCConfigurationList section */

/* Begin XCVersionGroup section */
		524F8B5626AB305A006EB315 /* Photos.xcdatamodeld */ = {
			isa = XCVersionGroup;
			children = (
				524F8B5726AB305A006EB315 /* Photos.xcdatamodel */,
			);
			currentVersion = 524F8B5726AB305A006EB315 /* Photos.xcdatamodel */;
			path = Photos.xcdatamodeld;
			sourceTree = "<group>";
			versionGroupType = wrapper.xcdatamodel;
		};
/* End XCVersionGroup section */
	};
	rootObject = 524F8AE926A9B70A006EB315 /* Project object */;
}
